
Microsoft Visual Studio Solution File, Format Version 12.00
# Visual Studio Version 17
VisualStudioVersion = 17.1.32421.90
MinimumVisualStudioVersion = 10.0.40219.1
Project("{FAE04EC0-301F-11D3-BF4B-00C04F79EFBC}") = "FinancialTracker", "FinancialTracker\FinancialTracker.csproj", "{970B7312-63A9-4EDB-A90F-AF671DFFFAE7}"
EndProject
Global
	GlobalSection(SolutionConfigurationPlatforms) = preSolution
		Debug|Any CPU = Debug|Any CPU
		Release|Any CPU = Release|Any CPU
	EndGlobalSection
	GlobalSection(ProjectConfigurationPlatforms) = postSolution
		{970B7312-63A9-4EDB-A90F-AF671DFFFAE7}.Debug|Any CPU.ActiveCfg = Debug|Any CPU
		{970B7312-63A9-4EDB-A90F-AF671DFFFAE7}.Debug|Any CPU.Build.0 = Debug|Any CPU
		{970B7312-63A9-4EDB-A90F-AF671DFFFAE7}.Release|Any CPU.ActiveCfg = Release|Any CPU
		{970B7312-63A9-4EDB-A90F-AF671DFFFAE7}.Release|Any CPU.Build.0 = Release|Any CPU
	EndGlobalSection
	GlobalSection(SolutionProperties) = preSolution
		HideSolutionNode = FALSE
	EndGlobalSection
	GlobalSection(ExtensibilityGlobals) = postSolution
		SolutionGuid = {48A53851-A17B-4BE4-9B9A-BC7273717980}
	EndGlobalSection
EndGlobal
